// !$*UTF8*$!
{
	archiveVersion = 1;
	classes = {
	};
	objectVersion = 51;
	objects = {

/* Begin PBXBuildFile section */
		5F15C0E28EFD08CB17A8324E /* Pods_PorttoTestTests.framework in Frameworks */ = {isa = PBXBuildFile; fileRef = ADD9D2641105221E8B5FEF5F /* Pods_PorttoTestTests.framework */; };
		CDAC3E40588E52EC3882D46C /* Pods_PorttoTest.framework in Frameworks */ = {isa = PBXBuildFile; fileRef = C0FC71CFC507B2A860300120 /* Pods_PorttoTest.framework */; };
		FF7B41F0242F1E380010A52B /* APIRequest.swift in Sources */ = {isa = PBXBuildFile; fileRef = FF7B41EF242F1E380010A52B /* APIRequest.swift */; };
		FF7B41F2242F1ED20010A52B /* APIManager.swift in Sources */ = {isa = PBXBuildFile; fileRef = FF7B41F1242F1ED20010A52B /* APIManager.swift */; };
		FF7B41F4242F25240010A52B /* AssetsRequest.swift in Sources */ = {isa = PBXBuildFile; fileRef = FF7B41F3242F25240010A52B /* AssetsRequest.swift */; };
		FFA5483A2433999500DA2C41 /* LoadingIndicatorAbility.swift in Sources */ = {isa = PBXBuildFile; fileRef = FFA548392433999500DA2C41 /* LoadingIndicatorAbility.swift */; };
		FFA5483E243399BB00DA2C41 /* LoadingIndicatorView.swift in Sources */ = {isa = PBXBuildFile; fileRef = FFA5483C243399BB00DA2C41 /* LoadingIndicatorView.swift */; };
		FFA5483F243399BB00DA2C41 /* LoadingIndicatorView.xib in Resources */ = {isa = PBXBuildFile; fileRef = FFA5483D243399BB00DA2C41 /* LoadingIndicatorView.xib */; };
		FFA5484124339A1800DA2C41 /* UIView+ColdZ.swift in Sources */ = {isa = PBXBuildFile; fileRef = FFA5484024339A1800DA2C41 /* UIView+ColdZ.swift */; };
		FFAE420F2430A7130040A193 /* AssetViewController.swift in Sources */ = {isa = PBXBuildFile; fileRef = FFAE420E2430A7130040A193 /* AssetViewController.swift */; };
		FFAE42132430A8320040A193 /* WKWebView+ColdZ.swift in Sources */ = {isa = PBXBuildFile; fileRef = FFAE42122430A8320040A193 /* WKWebView+ColdZ.swift */; };
		FFAE5A2F2430387500FC8EFD /* String+ColdZ.swift in Sources */ = {isa = PBXBuildFile; fileRef = FFAE5A2E2430387500FC8EFD /* String+ColdZ.swift */; };
		FFAE5A3224303D0B00FC8EFD /* MainCollectionViewCell.swift in Sources */ = {isa = PBXBuildFile; fileRef = FFAE5A3124303D0B00FC8EFD /* MainCollectionViewCell.swift */; };
		FFAE5A39243042BB00FC8EFD /* UIColor+ColdZ.swift in Sources */ = {isa = PBXBuildFile; fileRef = FFAE5A38243042BA00FC8EFD /* UIColor+ColdZ.swift */; };
		FFB3829A2432F47500DB4594 /* AssetsService.swift in Sources */ = {isa = PBXBuildFile; fileRef = FFB382992432F47500DB4594 /* AssetsService.swift */; };
		FFB3A1F8242F73DC0044B41A /* Constant.swift in Sources */ = {isa = PBXBuildFile; fileRef = FFB3A1F7242F73DC0044B41A /* Constant.swift */; };
		FFB3A1FA242F7DBC0044B41A /* BalanceModel.swift in Sources */ = {isa = PBXBuildFile; fileRef = FFB3A1F9242F7DBC0044B41A /* BalanceModel.swift */; };
		FFBA2437242F170E0095DEDB /* AppDelegate.swift in Sources */ = {isa = PBXBuildFile; fileRef = FFBA2436242F170E0095DEDB /* AppDelegate.swift */; };
		FFBA2439242F170E0095DEDB /* MainViewController.swift in Sources */ = {isa = PBXBuildFile; fileRef = FFBA2438242F170E0095DEDB /* MainViewController.swift */; };
		FFBA243C242F170E0095DEDB /* Main.storyboard in Resources */ = {isa = PBXBuildFile; fileRef = FFBA243A242F170E0095DEDB /* Main.storyboard */; };
		FFBA243E242F170F0095DEDB /* Assets.xcassets in Resources */ = {isa = PBXBuildFile; fileRef = FFBA243D242F170F0095DEDB /* Assets.xcassets */; };
		FFBA2441242F170F0095DEDB /* LaunchScreen.storyboard in Resources */ = {isa = PBXBuildFile; fileRef = FFBA243F242F170F0095DEDB /* LaunchScreen.storyboard */; };
		FFBA244C242F17100095DEDB /* PorttoTestTests.swift in Sources */ = {isa = PBXBuildFile; fileRef = FFBA244B242F17100095DEDB /* PorttoTestTests.swift */; };
		FFD904E3242F41C300B51121 /* BalanceRequest.swift in Sources */ = {isa = PBXBuildFile; fileRef = FFD904E2242F41C300B51121 /* BalanceRequest.swift */; };
		FFD904EB242F507600B51121 /* ResultModel.swift in Sources */ = {isa = PBXBuildFile; fileRef = FFD904EA242F507600B51121 /* ResultModel.swift */; };
/* End PBXBuildFile section */

/* Begin PBXContainerItemProxy section */
		FFBA2448242F17100095DEDB /* PBXContainerItemProxy */ = {
			isa = PBXContainerItemProxy;
			containerPortal = FFBA242B242F170E0095DEDB /* Project object */;
			proxyType = 1;
			remoteGlobalIDString = FFBA2432242F170E0095DEDB;
			remoteInfo = PorttoTest;
		};
/* End PBXContainerItemProxy section */

/* Begin PBXFileReference section */
		1B8FA18E586F8DB3F39ED8A2 /* Pods-PorttoTestTests.release.xcconfig */ = {isa = PBXFileReference; includeInIndex = 1; lastKnownFileType = text.xcconfig; name = "Pods-PorttoTestTests.release.xcconfig"; path = "Target Support Files/Pods-PorttoTestTests/Pods-PorttoTestTests.release.xcconfig"; sourceTree = "<group>"; };
		54CCC4960464FB6A4D069712 /* Pods-PorttoTest.debug.xcconfig */ = {isa = PBXFileReference; includeInIndex = 1; lastKnownFileType = text.xcconfig; name = "Pods-PorttoTest.debug.xcconfig"; path = "Target Support Files/Pods-PorttoTest/Pods-PorttoTest.debug.xcconfig"; sourceTree = "<group>"; };
		ADD9D2641105221E8B5FEF5F /* Pods_PorttoTestTests.framework */ = {isa = PBXFileReference; explicitFileType = wrapper.framework; includeInIndex = 0; path = Pods_PorttoTestTests.framework; sourceTree = BUILT_PRODUCTS_DIR; };
		BCA65923C004BA900D942983 /* Pods-PorttoTestTests.debug.xcconfig */ = {isa = PBXFileReference; includeInIndex = 1; lastKnownFileType = text.xcconfig; name = "Pods-PorttoTestTests.debug.xcconfig"; path = "Target Support Files/Pods-PorttoTestTests/Pods-PorttoTestTests.debug.xcconfig"; sourceTree = "<group>"; };
		C0FC71CFC507B2A860300120 /* Pods_PorttoTest.framework */ = {isa = PBXFileReference; explicitFileType = wrapper.framework; includeInIndex = 0; path = Pods_PorttoTest.framework; sourceTree = BUILT_PRODUCTS_DIR; };
		F935737E8DD199E3F3B58697 /* Pods-PorttoTest.release.xcconfig */ = {isa = PBXFileReference; includeInIndex = 1; lastKnownFileType = text.xcconfig; name = "Pods-PorttoTest.release.xcconfig"; path = "Target Support Files/Pods-PorttoTest/Pods-PorttoTest.release.xcconfig"; sourceTree = "<group>"; };
		FF7B41EF242F1E380010A52B /* APIRequest.swift */ = {isa = PBXFileReference; lastKnownFileType = sourcecode.swift; path = APIRequest.swift; sourceTree = "<group>"; };
		FF7B41F1242F1ED20010A52B /* APIManager.swift */ = {isa = PBXFileReference; lastKnownFileType = sourcecode.swift; path = APIManager.swift; sourceTree = "<group>"; };
		FF7B41F3242F25240010A52B /* AssetsRequest.swift */ = {isa = PBXFileReference; lastKnownFileType = sourcecode.swift; path = AssetsRequest.swift; sourceTree = "<group>"; };
		FFA548392433999500DA2C41 /* LoadingIndicatorAbility.swift */ = {isa = PBXFileReference; lastKnownFileType = sourcecode.swift; path = LoadingIndicatorAbility.swift; sourceTree = "<group>"; };
		FFA5483C243399BB00DA2C41 /* LoadingIndicatorView.swift */ = {isa = PBXFileReference; fileEncoding = 4; lastKnownFileType = sourcecode.swift; path = LoadingIndicatorView.swift; sourceTree = "<group>"; };
		FFA5483D243399BB00DA2C41 /* LoadingIndicatorView.xib */ = {isa = PBXFileReference; fileEncoding = 4; lastKnownFileType = file.xib; path = LoadingIndicatorView.xib; sourceTree = "<group>"; };
		FFA5484024339A1800DA2C41 /* UIView+ColdZ.swift */ = {isa = PBXFileReference; lastKnownFileType = sourcecode.swift; path = "UIView+ColdZ.swift"; sourceTree = "<group>"; };
		FFAE420E2430A7130040A193 /* AssetViewController.swift */ = {isa = PBXFileReference; lastKnownFileType = sourcecode.swift; path = AssetViewController.swift; sourceTree = "<group>"; };
		FFAE42122430A8320040A193 /* WKWebView+ColdZ.swift */ = {isa = PBXFileReference; lastKnownFileType = sourcecode.swift; path = "WKWebView+ColdZ.swift"; sourceTree = "<group>"; };
		FFAE5A2E2430387500FC8EFD /* String+ColdZ.swift */ = {isa = PBXFileReference; lastKnownFileType = sourcecode.swift; path = "String+ColdZ.swift"; sourceTree = "<group>"; };
		FFAE5A3124303D0B00FC8EFD /* MainCollectionViewCell.swift */ = {isa = PBXFileReference; lastKnownFileType = sourcecode.swift; path = MainCollectionViewCell.swift; sourceTree = "<group>"; };
		FFAE5A38243042BA00FC8EFD /* UIColor+ColdZ.swift */ = {isa = PBXFileReference; fileEncoding = 4; lastKnownFileType = sourcecode.swift; path = "UIColor+ColdZ.swift"; sourceTree = "<group>"; };
		FFB382992432F47500DB4594 /* AssetsService.swift */ = {isa = PBXFileReference; lastKnownFileType = sourcecode.swift; path = AssetsService.swift; sourceTree = "<group>"; };
		FFB3A1F7242F73DC0044B41A /* Constant.swift */ = {isa = PBXFileReference; lastKnownFileType = sourcecode.swift; path = Constant.swift; sourceTree = "<group>"; };
		FFB3A1F9242F7DBC0044B41A /* BalanceModel.swift */ = {isa = PBXFileReference; lastKnownFileType = sourcecode.swift; path = BalanceModel.swift; sourceTree = "<group>"; };
		FFBA2433242F170E0095DEDB /* PorttoTest.app */ = {isa = PBXFileReference; explicitFileType = wrapper.application; includeInIndex = 0; path = PorttoTest.app; sourceTree = BUILT_PRODUCTS_DIR; };
		FFBA2436242F170E0095DEDB /* AppDelegate.swift */ = {isa = PBXFileReference; lastKnownFileType = sourcecode.swift; path = AppDelegate.swift; sourceTree = "<group>"; };
		FFBA2438242F170E0095DEDB /* MainViewController.swift */ = {isa = PBXFileReference; lastKnownFileType = sourcecode.swift; path = MainViewController.swift; sourceTree = "<group>"; };
		FFBA243B242F170E0095DEDB /* Base */ = {isa = PBXFileReference; lastKnownFileType = file.storyboard; name = Base; path = Base.lproj/Main.storyboard; sourceTree = "<group>"; };
		FFBA243D242F170F0095DEDB /* Assets.xcassets */ = {isa = PBXFileReference; lastKnownFileType = folder.assetcatalog; path = Assets.xcassets; sourceTree = "<group>"; };
		FFBA2440242F170F0095DEDB /* Base */ = {isa = PBXFileReference; lastKnownFileType = file.storyboard; name = Base; path = Base.lproj/LaunchScreen.storyboard; sourceTree = "<group>"; };
		FFBA2442242F170F0095DEDB /* Info.plist */ = {isa = PBXFileReference; lastKnownFileType = text.plist.xml; path = Info.plist; sourceTree = "<group>"; };
		FFBA2447242F17100095DEDB /* PorttoTestTests.xctest */ = {isa = PBXFileReference; explicitFileType = wrapper.cfbundle; includeInIndex = 0; path = PorttoTestTests.xctest; sourceTree = BUILT_PRODUCTS_DIR; };
		FFBA244B242F17100095DEDB /* PorttoTestTests.swift */ = {isa = PBXFileReference; lastKnownFileType = sourcecode.swift; path = PorttoTestTests.swift; sourceTree = "<group>"; };
		FFBA244D242F17100095DEDB /* Info.plist */ = {isa = PBXFileReference; lastKnownFileType = text.plist.xml; path = Info.plist; sourceTree = "<group>"; };
		FFD904E2242F41C300B51121 /* BalanceRequest.swift */ = {isa = PBXFileReference; lastKnownFileType = sourcecode.swift; path = BalanceRequest.swift; sourceTree = "<group>"; };
		FFD904EA242F507600B51121 /* ResultModel.swift */ = {isa = PBXFileReference; lastKnownFileType = sourcecode.swift; path = ResultModel.swift; sourceTree = "<group>"; };
/* End PBXFileReference section */

/* Begin PBXFrameworksBuildPhase section */
		FFBA2430242F170E0095DEDB /* Frameworks */ = {
			isa = PBXFrameworksBuildPhase;
			buildActionMask = 2147483647;
			files = (
				CDAC3E40588E52EC3882D46C /* Pods_PorttoTest.framework in Frameworks */,
			);
			runOnlyForDeploymentPostprocessing = 0;
		};
		FFBA2444242F17100095DEDB /* Frameworks */ = {
			isa = PBXFrameworksBuildPhase;
			buildActionMask = 2147483647;
			files = (
				5F15C0E28EFD08CB17A8324E /* Pods_PorttoTestTests.framework in Frameworks */,
			);
			runOnlyForDeploymentPostprocessing = 0;
		};
/* End PBXFrameworksBuildPhase section */

/* Begin PBXGroup section */
		2497EB27C9AB3EB9BAD87DF0 /* Pods */ = {
			isa = PBXGroup;
			children = (
				54CCC4960464FB6A4D069712 /* Pods-PorttoTest.debug.xcconfig */,
				F935737E8DD199E3F3B58697 /* Pods-PorttoTest.release.xcconfig */,
				BCA65923C004BA900D942983 /* Pods-PorttoTestTests.debug.xcconfig */,
				1B8FA18E586F8DB3F39ED8A2 /* Pods-PorttoTestTests.release.xcconfig */,
			);
			path = Pods;
			sourceTree = "<group>";
		};
		BCF15B57D8E611326D4B80E0 /* Frameworks */ = {
			isa = PBXGroup;
			children = (
				C0FC71CFC507B2A860300120 /* Pods_PorttoTest.framework */,
				ADD9D2641105221E8B5FEF5F /* Pods_PorttoTestTests.framework */,
			);
			name = Frameworks;
			sourceTree = "<group>";
		};
		FFA548382433994E00DA2C41 /* Protocol */ = {
			isa = PBXGroup;
			children = (
				FFA548392433999500DA2C41 /* LoadingIndicatorAbility.swift */,
			);
			path = Protocol;
			sourceTree = "<group>";
		};
		FFA5483B243399BB00DA2C41 /* LoadingIndicatorView */ = {
			isa = PBXGroup;
			children = (
				FFA5483C243399BB00DA2C41 /* LoadingIndicatorView.swift */,
				FFA5483D243399BB00DA2C41 /* LoadingIndicatorView.xib */,
			);
			path = LoadingIndicatorView;
			sourceTree = "<group>";
		};
		FFAE5A2D243037B200FC8EFD /* Extension */ = {
			isa = PBXGroup;
			children = (
				FFAE5A2E2430387500FC8EFD /* String+ColdZ.swift */,
				FFAE5A38243042BA00FC8EFD /* UIColor+ColdZ.swift */,
				FFAE42122430A8320040A193 /* WKWebView+ColdZ.swift */,
				FFA5484024339A1800DA2C41 /* UIView+ColdZ.swift */,
			);
			path = Extension;
			sourceTree = "<group>";
		};
		FFAE5A3024303CE500FC8EFD /* View */ = {
			isa = PBXGroup;
			children = (
				FFA5483B243399BB00DA2C41 /* LoadingIndicatorView */,
				FFAE5A3124303D0B00FC8EFD /* MainCollectionViewCell.swift */,
			);
			path = View;
			sourceTree = "<group>";
		};
		FFAE5A3A24304FC900FC8EFD /* Util */ = {
			isa = PBXGroup;
			children = (
				FFA548382433994E00DA2C41 /* Protocol */,
				FFAE5A2D243037B200FC8EFD /* Extension */,
			);
			path = Util;
			sourceTree = "<group>";
		};
		FFB382962432F44100DB4594 /* Service */ = {
			isa = PBXGroup;
			children = (
				FFB382992432F47500DB4594 /* AssetsService.swift */,
			);
			path = Service;
			sourceTree = "<group>";
		};
		FFBA242A242F170E0095DEDB = {
			isa = PBXGroup;
			children = (
				FFBA2435242F170E0095DEDB /* PorttoTest */,
				FFBA244A242F17100095DEDB /* PorttoTestTests */,
				FFBA2434242F170E0095DEDB /* Products */,
				2497EB27C9AB3EB9BAD87DF0 /* Pods */,
				BCF15B57D8E611326D4B80E0 /* Frameworks */,
			);
			sourceTree = "<group>";
		};
		FFBA2434242F170E0095DEDB /* Products */ = {
			isa = PBXGroup;
			children = (
				FFBA2433242F170E0095DEDB /* PorttoTest.app */,
				FFBA2447242F17100095DEDB /* PorttoTestTests.xctest */,
			);
			name = Products;
			sourceTree = "<group>";
		};
		FFBA2435242F170E0095DEDB /* PorttoTest */ = {
			isa = PBXGroup;
			children = (
				FFB382962432F44100DB4594 /* Service */,
				FFAE5A3A24304FC900FC8EFD /* Util */,
				FFD904E8242F442F00B51121 /* APIRequest */,
				FFD904E9242F445300B51121 /* Manager */,
				FFD904E7242F441A00B51121 /* ViewController */,
				FFD904E6242F440800B51121 /* Model */,
				FFAE5A3024303CE500FC8EFD /* View */,
				FFBA2436242F170E0095DEDB /* AppDelegate.swift */,
				FFBA243A242F170E0095DEDB /* Main.storyboard */,
				FFBA243D242F170F0095DEDB /* Assets.xcassets */,
				FFBA243F242F170F0095DEDB /* LaunchScreen.storyboard */,
				FFBA2442242F170F0095DEDB /* Info.plist */,
				FFB3A1F7242F73DC0044B41A /* Constant.swift */,
			);
			path = PorttoTest;
			sourceTree = "<group>";
		};
		FFBA244A242F17100095DEDB /* PorttoTestTests */ = {
			isa = PBXGroup;
			children = (
				FFBA244B242F17100095DEDB /* PorttoTestTests.swift */,
				FFBA244D242F17100095DEDB /* Info.plist */,
			);
			path = PorttoTestTests;
			sourceTree = "<group>";
		};
		FFD904E6242F440800B51121 /* Model */ = {
			isa = PBXGroup;
			children = (
				FFD904EA242F507600B51121 /* ResultModel.swift */,
				FFB3A1F9242F7DBC0044B41A /* BalanceModel.swift */,
			);
			path = Model;
			sourceTree = "<group>";
		};
		FFD904E7242F441A00B51121 /* ViewController */ = {
			isa = PBXGroup;
			children = (
				FFBA2438242F170E0095DEDB /* MainViewController.swift */,
				FFAE420E2430A7130040A193 /* AssetViewController.swift */,
			);
			path = ViewController;
			sourceTree = "<group>";
		};
		FFD904E8242F442F00B51121 /* APIRequest */ = {
			isa = PBXGroup;
			children = (
				FF7B41EF242F1E380010A52B /* APIRequest.swift */,
				FF7B41F3242F25240010A52B /* AssetsRequest.swift */,
				FFD904E2242F41C300B51121 /* BalanceRequest.swift */,
			);
			path = APIRequest;
			sourceTree = "<group>";
		};
		FFD904E9242F445300B51121 /* Manager */ = {
			isa = PBXGroup;
			children = (
				FF7B41F1242F1ED20010A52B /* APIManager.swift */,
			);
			path = Manager;
			sourceTree = "<group>";
		};
/* End PBXGroup section */

/* Begin PBXNativeTarget section */
		FFBA2432242F170E0095DEDB /* PorttoTest */ = {
			isa = PBXNativeTarget;
			buildConfigurationList = FFBA2450242F17100095DEDB /* Build configuration list for PBXNativeTarget "PorttoTest" */;
			buildPhases = (
				97DB0255368331A1C2CB480D /* [CP] Check Pods Manifest.lock */,
				FFBA242F242F170E0095DEDB /* Sources */,
				FFBA2430242F170E0095DEDB /* Frameworks */,
				FFBA2431242F170E0095DEDB /* Resources */,
				D9C01AF96D0FE2B8D9F63524 /* [CP] Embed Pods Frameworks */,
			);
			buildRules = (
			);
			dependencies = (
			);
			name = PorttoTest;
			productName = PorttoTest;
			productReference = FFBA2433242F170E0095DEDB /* PorttoTest.app */;
			productType = "com.apple.product-type.application";
		};
		FFBA2446242F17100095DEDB /* PorttoTestTests */ = {
			isa = PBXNativeTarget;
			buildConfigurationList = FFBA2453242F17100095DEDB /* Build configuration list for PBXNativeTarget "PorttoTestTests" */;
			buildPhases = (
				85C9083324740CD2D6FD13EE /* [CP] Check Pods Manifest.lock */,
				FFBA2443242F17100095DEDB /* Sources */,
				FFBA2444242F17100095DEDB /* Frameworks */,
				FFBA2445242F17100095DEDB /* Resources */,
				44785B459F93A628E26201B3 /* [CP] Embed Pods Frameworks */,
			);
			buildRules = (
			);
			dependencies = (
				FFBA2449242F17100095DEDB /* PBXTargetDependency */,
			);
			name = PorttoTestTests;
			productName = PorttoTestTests;
			productReference = FFBA2447242F17100095DEDB /* PorttoTestTests.xctest */;
			productType = "com.apple.product-type.bundle.unit-test";
		};
/* End PBXNativeTarget section */

/* Begin PBXProject section */
		FFBA242B242F170E0095DEDB /* Project object */ = {
			isa = PBXProject;
			attributes = {
				LastSwiftUpdateCheck = 1030;
				LastUpgradeCheck = 1030;
				ORGANIZATIONNAME = ColdZ;
				TargetAttributes = {
					FFBA2432242F170E0095DEDB = {
						CreatedOnToolsVersion = 10.3;
					};
					FFBA2446242F17100095DEDB = {
						CreatedOnToolsVersion = 10.3;
						TestTargetID = FFBA2432242F170E0095DEDB;
					};
				};
			};
			buildConfigurationList = FFBA242E242F170E0095DEDB /* Build configuration list for PBXProject "PorttoTest" */;
			compatibilityVersion = "Xcode 9.3";
			developmentRegion = en;
			hasScannedForEncodings = 0;
			knownRegions = (
				en,
				Base,
			);
			mainGroup = FFBA242A242F170E0095DEDB;
			productRefGroup = FFBA2434242F170E0095DEDB /* Products */;
			projectDirPath = "";
			projectRoot = "";
			targets = (
				FFBA2432242F170E0095DEDB /* PorttoTest */,
				FFBA2446242F17100095DEDB /* PorttoTestTests */,
			);
		};
/* End PBXProject section */

/* Begin PBXResourcesBuildPhase section */
		FFBA2431242F170E0095DEDB /* Resources */ = {
			isa = PBXResourcesBuildPhase;
			buildActionMask = 2147483647;
			files = (
				FFBA2441242F170F0095DEDB /* LaunchScreen.storyboard in Resources */,
				FFBA243E242F170F0095DEDB /* Assets.xcassets in Resources */,
				FFBA243C242F170E0095DEDB /* Main.storyboard in Resources */,
				FFA5483F243399BB00DA2C41 /* LoadingIndicatorView.xib in Resources */,
			);
			runOnlyForDeploymentPostprocessing = 0;
		};
		FFBA2445242F17100095DEDB /* Resources */ = {
			isa = PBXResourcesBuildPhase;
			buildActionMask = 2147483647;
			files = (
			);
			runOnlyForDeploymentPostprocessing = 0;
		};
/* End PBXResourcesBuildPhase section */

/* Begin PBXShellScriptBuildPhase section */
		44785B459F93A628E26201B3 /* [CP] Embed Pods Frameworks */ = {
			isa = PBXShellScriptBuildPhase;
			buildActionMask = 2147483647;
			files = (
			);
			inputFileListPaths = (
				"${PODS_ROOT}/Target Support Files/Pods-PorttoTestTests/Pods-PorttoTestTests-frameworks-${CONFIGURATION}-input-files.xcfilelist",
			);
			name = "[CP] Embed Pods Frameworks";
			outputFileListPaths = (
				"${PODS_ROOT}/Target Support Files/Pods-PorttoTestTests/Pods-PorttoTestTests-frameworks-${CONFIGURATION}-output-files.xcfilelist",
			);
			runOnlyForDeploymentPostprocessing = 0;
			shellPath = /bin/sh;
			shellScript = "\"${PODS_ROOT}/Target Support Files/Pods-PorttoTestTests/Pods-PorttoTestTests-frameworks.sh\"\n";
			showEnvVarsInLog = 0;
		};
		85C9083324740CD2D6FD13EE /* [CP] Check Pods Manifest.lock */ = {
			isa = PBXShellScriptBuildPhase;
			buildActionMask = 2147483647;
			files = (
			);
			inputFileListPaths = (
			);
			inputPaths = (
				"${PODS_PODFILE_DIR_PATH}/Podfile.lock",
				"${PODS_ROOT}/Manifest.lock",
			);
			name = "[CP] Check Pods Manifest.lock";
			outputFileListPaths = (
			);
			outputPaths = (
				"$(DERIVED_FILE_DIR)/Pods-PorttoTestTests-checkManifestLockResult.txt",
			);
			runOnlyForDeploymentPostprocessing = 0;
			shellPath = /bin/sh;
			shellScript = "diff \"${PODS_PODFILE_DIR_PATH}/Podfile.lock\" \"${PODS_ROOT}/Manifest.lock\" > /dev/null\nif [ $? != 0 ] ; then\n    # print error to STDERR\n    echo \"error: The sandbox is not in sync with the Podfile.lock. Run 'pod install' or update your CocoaPods installation.\" >&2\n    exit 1\nfi\n# This output is used by Xcode 'outputs' to avoid re-running this script phase.\necho \"SUCCESS\" > \"${SCRIPT_OUTPUT_FILE_0}\"\n";
			showEnvVarsInLog = 0;
		};
		97DB0255368331A1C2CB480D /* [CP] Check Pods Manifest.lock */ = {
			isa = PBXShellScriptBuildPhase;
			buildActionMask = 2147483647;
			files = (
			);
			inputFileListPaths = (
			);
			inputPaths = (
				"${PODS_PODFILE_DIR_PATH}/Podfile.lock",
				"${PODS_ROOT}/Manifest.lock",
			);
			name = "[CP] Check Pods Manifest.lock";
			outputFileListPaths = (
			);
			outputPaths = (
				"$(DERIVED_FILE_DIR)/Pods-PorttoTest-checkManifestLockResult.txt",
			);
			runOnlyForDeploymentPostprocessing = 0;
			shellPath = /bin/sh;
			shellScript = "diff \"${PODS_PODFILE_DIR_PATH}/Podfile.lock\" \"${PODS_ROOT}/Manifest.lock\" > /dev/null\nif [ $? != 0 ] ; then\n    # print error to STDERR\n    echo \"error: The sandbox is not in sync with the Podfile.lock. Run 'pod install' or update your CocoaPods installation.\" >&2\n    exit 1\nfi\n# This output is used by Xcode 'outputs' to avoid re-running this script phase.\necho \"SUCCESS\" > \"${SCRIPT_OUTPUT_FILE_0}\"\n";
			showEnvVarsInLog = 0;
		};
		D9C01AF96D0FE2B8D9F63524 /* [CP] Embed Pods Frameworks */ = {
			isa = PBXShellScriptBuildPhase;
			buildActionMask = 2147483647;
			files = (
			);
			inputFileListPaths = (
				"${PODS_ROOT}/Target Support Files/Pods-PorttoTest/Pods-PorttoTest-frameworks-${CONFIGURATION}-input-files.xcfilelist",
			);
			name = "[CP] Embed Pods Frameworks";
			outputFileListPaths = (
				"${PODS_ROOT}/Target Support Files/Pods-PorttoTest/Pods-PorttoTest-frameworks-${CONFIGURATION}-output-files.xcfilelist",
			);
			runOnlyForDeploymentPostprocessing = 0;
			shellPath = /bin/sh;
			shellScript = "\"${PODS_ROOT}/Target Support Files/Pods-PorttoTest/Pods-PorttoTest-frameworks.sh\"\n";
			showEnvVarsInLog = 0;
		};
/* End PBXShellScriptBuildPhase section */

/* Begin PBXSourcesBuildPhase section */
		FFBA242F242F170E0095DEDB /* Sources */ = {
			isa = PBXSourcesBuildPhase;
			buildActionMask = 2147483647;
			files = (
				FFAE42132430A8320040A193 /* WKWebView+ColdZ.swift in Sources */,
				FFA5483A2433999500DA2C41 /* LoadingIndicatorAbility.swift in Sources */,
				FF7B41F2242F1ED20010A52B /* APIManager.swift in Sources */,
				FFAE5A2F2430387500FC8EFD /* String+ColdZ.swift in Sources */,
				FFD904EB242F507600B51121 /* ResultModel.swift in Sources */,
				FFA5483E243399BB00DA2C41 /* LoadingIndicatorView.swift in Sources */,
				FFD904E3242F41C300B51121 /* BalanceRequest.swift in Sources */,
				FFA5484124339A1800DA2C41 /* UIView+ColdZ.swift in Sources */,
				FFB3A1F8242F73DC0044B41A /* Constant.swift in Sources */,
				FFB3A1FA242F7DBC0044B41A /* BalanceModel.swift in Sources */,
				FFAE5A39243042BB00FC8EFD /* UIColor+ColdZ.swift in Sources */,
				FFBA2439242F170E0095DEDB /* MainViewController.swift in Sources */,
				FFAE5A3224303D0B00FC8EFD /* MainCollectionViewCell.swift in Sources */,
				FF7B41F0242F1E380010A52B /* APIRequest.swift in Sources */,
				FFBA2437242F170E0095DEDB /* AppDelegate.swift in Sources */,
				FFB3829A2432F47500DB4594 /* AssetsService.swift in Sources */,
				FF7B41F4242F25240010A52B /* AssetsRequest.swift in Sources */,
				FFAE420F2430A7130040A193 /* AssetViewController.swift in Sources */,
			);
			runOnlyForDeploymentPostprocessing = 0;
		};
		FFBA2443242F17100095DEDB /* Sources */ = {
			isa = PBXSourcesBuildPhase;
			buildActionMask = 2147483647;
			files = (
				FFBA244C242F17100095DEDB /* PorttoTestTests.swift in Sources */,
			);
			runOnlyForDeploymentPostprocessing = 0;
		};
/* End PBXSourcesBuildPhase section */

/* Begin PBXTargetDependency section */
		FFBA2449242F17100095DEDB /* PBXTargetDependency */ = {
			isa = PBXTargetDependency;
			target = FFBA2432242F170E0095DEDB /* PorttoTest */;
			targetProxy = FFBA2448242F17100095DEDB /* PBXContainerItemProxy */;
		};
/* End PBXTargetDependency section */

/* Begin PBXVariantGroup section */
		FFBA243A242F170E0095DEDB /* Main.storyboard */ = {
			isa = PBXVariantGroup;
			children = (
				FFBA243B242F170E0095DEDB /* Base */,
			);
			name = Main.storyboard;
			sourceTree = "<group>";
		};
		FFBA243F242F170F0095DEDB /* LaunchScreen.storyboard */ = {
			isa = PBXVariantGroup;
			children = (
				FFBA2440242F170F0095DEDB /* Base */,
			);
			name = LaunchScreen.storyboard;
			sourceTree = "<group>";
		};
/* End PBXVariantGroup section */

/* Begin XCBuildConfiguration section */
		FFBA244E242F17100095DEDB /* Debug */ = {
			isa = XCBuildConfiguration;
			buildSettings = {
				ALWAYS_SEARCH_USER_PATHS = NO;
				CLANG_ANALYZER_NONNULL = YES;
				CLANG_ANALYZER_NUMBER_OBJECT_CONVERSION = YES_AGGRESSIVE;
				CLANG_CXX_LANGUAGE_STANDARD = "gnu++14";
				CLANG_CXX_LIBRARY = "libc++";
				CLANG_ENABLE_MODULES = YES;
				CLANG_ENABLE_OBJC_ARC = YES;
				CLANG_ENABLE_OBJC_WEAK = YES;
				CLANG_WARN_BLOCK_CAPTURE_AUTORELEASING = YES;
				CLANG_WARN_BOOL_CONVERSION = YES;
				CLANG_WARN_COMMA = YES;
				CLANG_WARN_CONSTANT_CONVERSION = YES;
				CLANG_WARN_DEPRECATED_OBJC_IMPLEMENTATIONS = YES;
				CLANG_WARN_DIRECT_OBJC_ISA_USAGE = YES_ERROR;
				CLANG_WARN_DOCUMENTATION_COMMENTS = YES;
				CLANG_WARN_EMPTY_BODY = YES;
				CLANG_WARN_ENUM_CONVERSION = YES;
				CLANG_WARN_INFINITE_RECURSION = YES;
				CLANG_WARN_INT_CONVERSION = YES;
				CLANG_WARN_NON_LITERAL_NULL_CONVERSION = YES;
				CLANG_WARN_OBJC_IMPLICIT_RETAIN_SELF = YES;
				CLANG_WARN_OBJC_LITERAL_CONVERSION = YES;
				CLANG_WARN_OBJC_ROOT_CLASS = YES_ERROR;
				CLANG_WARN_RANGE_LOOP_ANALYSIS = YES;
				CLANG_WARN_STRICT_PROTOTYPES = YES;
				CLANG_WARN_SUSPICIOUS_MOVE = YES;
				CLANG_WARN_UNGUARDED_AVAILABILITY = YES_AGGRESSIVE;
				CLANG_WARN_UNREACHABLE_CODE = YES;
				CLANG_WARN__DUPLICATE_METHOD_MATCH = YES;
				CODE_SIGN_IDENTITY = "iPhone Developer";
				COPY_PHASE_STRIP = NO;
				DEBUG_INFORMATION_FORMAT = dwarf;
				ENABLE_STRICT_OBJC_MSGSEND = YES;
				ENABLE_TESTABILITY = YES;
				GCC_C_LANGUAGE_STANDARD = gnu11;
				GCC_DYNAMIC_NO_PIC = NO;
				GCC_NO_COMMON_BLOCKS = YES;
				GCC_OPTIMIZATION_LEVEL = 0;
				GCC_PREPROCESSOR_DEFINITIONS = (
					"DEBUG=1",
					"$(inherited)",
				);
				GCC_WARN_64_TO_32_BIT_CONVERSION = YES;
				GCC_WARN_ABOUT_RETURN_TYPE = YES_ERROR;
				GCC_WARN_UNDECLARED_SELECTOR = YES;
				GCC_WARN_UNINITIALIZED_AUTOS = YES_AGGRESSIVE;
				GCC_WARN_UNUSED_FUNCTION = YES;
				GCC_WARN_UNUSED_VARIABLE = YES;
				IPHONEOS_DEPLOYMENT_TARGET = 12.4;
				MTL_ENABLE_DEBUG_INFO = INCLUDE_SOURCE;
				MTL_FAST_MATH = YES;
				ONLY_ACTIVE_ARCH = YES;
				SDKROOT = iphoneos;
				SWIFT_ACTIVE_COMPILATION_CONDITIONS = DEBUG;
				SWIFT_OPTIMIZATION_LEVEL = "-Onone";
			};
			name = Debug;
		};
		FFBA244F242F17100095DEDB /* Release */ = {
			isa = XCBuildConfiguration;
			buildSettings = {
				ALWAYS_SEARCH_USER_PATHS = NO;
				CLANG_ANALYZER_NONNULL = YES;
				CLANG_ANALYZER_NUMBER_OBJECT_CONVERSION = YES_AGGRESSIVE;
				CLANG_CXX_LANGUAGE_STANDARD = "gnu++14";
				CLANG_CXX_LIBRARY = "libc++";
				CLANG_ENABLE_MODULES = YES;
				CLANG_ENABLE_OBJC_ARC = YES;
				CLANG_ENABLE_OBJC_WEAK = YES;
				CLANG_WARN_BLOCK_CAPTURE_AUTORELEASING = YES;
				CLANG_WARN_BOOL_CONVERSION = YES;
				CLANG_WARN_COMMA = YES;
				CLANG_WARN_CONSTANT_CONVERSION = YES;
				CLANG_WARN_DEPRECATED_OBJC_IMPLEMENTATIONS = YES;
				CLANG_WARN_DIRECT_OBJC_ISA_USAGE = YES_ERROR;
				CLANG_WARN_DOCUMENTATION_COMMENTS = YES;
				CLANG_WARN_EMPTY_BODY = YES;
				CLANG_WARN_ENUM_CONVERSION = YES;
				CLANG_WARN_INFINITE_RECURSION = YES;
				CLANG_WARN_INT_CONVERSION = YES;
				CLANG_WARN_NON_LITERAL_NULL_CONVERSION = YES;
				CLANG_WARN_OBJC_IMPLICIT_RETAIN_SELF = YES;
				CLANG_WARN_OBJC_LITERAL_CONVERSION = YES;
				CLANG_WARN_OBJC_ROOT_CLASS = YES_ERROR;
				CLANG_WARN_RANGE_LOOP_ANALYSIS = YES;
				CLANG_WARN_STRICT_PROTOTYPES = YES;
				CLANG_WARN_SUSPICIOUS_MOVE = YES;
				CLANG_WARN_UNGUARDED_AVAILABILITY = YES_AGGRESSIVE;
				CLANG_WARN_UNREACHABLE_CODE = YES;
				CLANG_WARN__DUPLICATE_METHOD_MATCH = YES;
				CODE_SIGN_IDENTITY = "iPhone Developer";
				COPY_PHASE_STRIP = NO;
				DEBUG_INFORMATION_FORMAT = "dwarf-with-dsym";
				ENABLE_NS_ASSERTIONS = NO;
				ENABLE_STRICT_OBJC_MSGSEND = YES;
				GCC_C_LANGUAGE_STANDARD = gnu11;
				GCC_NO_COMMON_BLOCKS = YES;
				GCC_WARN_64_TO_32_BIT_CONVERSION = YES;
				GCC_WARN_ABOUT_RETURN_TYPE = YES_ERROR;
				GCC_WARN_UNDECLARED_SELECTOR = YES;
				GCC_WARN_UNINITIALIZED_AUTOS = YES_AGGRESSIVE;
				GCC_WARN_UNUSED_FUNCTION = YES;
				GCC_WARN_UNUSED_VARIABLE = YES;
				IPHONEOS_DEPLOYMENT_TARGET = 12.4;
				MTL_ENABLE_DEBUG_INFO = NO;
				MTL_FAST_MATH = YES;
				SDKROOT = iphoneos;
				SWIFT_COMPILATION_MODE = wholemodule;
				SWIFT_OPTIMIZATION_LEVEL = "-O";
				VALIDATE_PRODUCT = YES;
			};
			name = Release;
		};
		FFBA2451242F17100095DEDB /* Debug */ = {
			isa = XCBuildConfiguration;
			baseConfigurationReference = 54CCC4960464FB6A4D069712 /* Pods-PorttoTest.debug.xcconfig */;
			buildSettings = {
				ASSETCATALOG_COMPILER_APPICON_NAME = AppIcon;
				CODE_SIGN_STYLE = Automatic;
				DEVELOPMENT_TEAM = 873C3LVKPJ;
				INFOPLIST_FILE = PorttoTest/Info.plist;
				LD_RUNPATH_SEARCH_PATHS = (
					"$(inherited)",
					"@executable_path/Frameworks",
				);
				PRODUCT_BUNDLE_IDENTIFIER = com.ColdZ.PorttoTest;
				PRODUCT_NAME = "$(TARGET_NAME)";
				SWIFT_VERSION = 5.0;
				TARGETED_DEVICE_FAMILY = "1,2";
			};
			name = Debug;
		};
		FFBA2452242F17100095DEDB /* Release */ = {
			isa = XCBuildConfiguration;
			baseConfigurationReference = F935737E8DD199E3F3B58697 /* Pods-PorttoTest.release.xcconfig */;
			buildSettings = {
				ASSETCATALOG_COMPILER_APPICON_NAME = AppIcon;
				CODE_SIGN_STYLE = Automatic;
				DEVELOPMENT_TEAM = 873C3LVKPJ;
				INFOPLIST_FILE = PorttoTest/Info.plist;
				LD_RUNPATH_SEARCH_PATHS = (
					"$(inherited)",
					"@executable_path/Frameworks",
				);
				PRODUCT_BUNDLE_IDENTIFIER = com.ColdZ.PorttoTest;
				PRODUCT_NAME = "$(TARGET_NAME)";
				SWIFT_VERSION = 5.0;
				TARGETED_DEVICE_FAMILY = "1,2";
			};
			name = Release;
		};
		FFBA2454242F17100095DEDB /* Debug */ = {
			isa = XCBuildConfiguration;
			baseConfigurationReference = BCA65923C004BA900D942983 /* Pods-PorttoTestTests.debug.xcconfig */;
			buildSettings = {
				ALWAYS_EMBED_SWIFT_STANDARD_LIBRARIES = YES;
				BUNDLE_LOADER = "$(TEST_HOST)";
				CODE_SIGN_STYLE = Automatic;
				DEVELOPMENT_TEAM = 873C3LVKPJ;
				INFOPLIST_FILE = PorttoTestTests/Info.plist;
				LD_RUNPATH_SEARCH_PATHS = (
					"$(inherited)",
					"@executable_path/Frameworks",
					"@loader_path/Frameworks",
				);
				PRODUCT_BUNDLE_IDENTIFIER = com.ColdZ.PorttoTestTests;
				PRODUCT_NAME = "$(TARGET_NAME)";
				SWIFT_VERSION = 5.0;
				TARGETED_DEVICE_FAMILY = "1,2";
				TEST_HOST = "$(BUILT_PRODUCTS_DIR)/PorttoTest.app/PorttoTest";
			};
			name = Debug;
		};
		FFBA2455242F17100095DEDB /* Release */ = {
			isa = XCBuildConfiguration;
			baseConfigurationReference = 1B8FA18E586F8DB3F39ED8A2 /* Pods-PorttoTestTests.release.xcconfig */;
			buildSettings = {
				ALWAYS_EMBED_SWIFT_STANDARD_LIBRARIES = YES;
				BUNDLE_LOADER = "$(TEST_HOST)";
				CODE_SIGN_STYLE = Automatic;
				DEVELOPMENT_TEAM = 873C3LVKPJ;
				INFOPLIST_FILE = PorttoTestTests/Info.plist;
				LD_RUNPATH_SEARCH_PATHS = (
					"$(inherited)",
					"@executable_path/Frameworks",
					"@loader_path/Frameworks",
				);
				PRODUCT_BUNDLE_IDENTIFIER = com.ColdZ.PorttoTestTests;
				PRODUCT_NAME = "$(TARGET_NAME)";
				SWIFT_VERSION = 5.0;
				TARGETED_DEVICE_FAMILY = "1,2";
				TEST_HOST = "$(BUILT_PRODUCTS_DIR)/PorttoTest.app/PorttoTest";
			};
			name = Release;
		};
/* End XCBuildConfiguration section */

/* Begin XCConfigurationList section */
		FFBA242E242F170E0095DEDB /* Build configuration list for PBXProject "PorttoTest" */ = {
			isa = XCConfigurationList;
			buildConfigurations = (
				FFBA244E242F17100095DEDB /* Debug */,
				FFBA244F242F17100095DEDB /* Release */,
			);
			defaultConfigurationIsVisible = 0;
			defaultConfigurationName = Release;
		};
		FFBA2450242F17100095DEDB /* Build configuration list for PBXNativeTarget "PorttoTest" */ = {
			isa = XCConfigurationList;
			buildConfigurations = (
				FFBA2451242F17100095DEDB /* Debug */,
				FFBA2452242F17100095DEDB /* Release */,
			);
			defaultConfigurationIsVisible = 0;
			defaultConfigurationName = Release;
		};
		FFBA2453242F17100095DEDB /* Build configuration list for PBXNativeTarget "PorttoTestTests" */ = {
			isa = XCConfigurationList;
			buildConfigurations = (
				FFBA2454242F17100095DEDB /* Debug */,
				FFBA2455242F17100095DEDB /* Release */,
			);
			defaultConfigurationIsVisible = 0;
			defaultConfigurationName = Release;
		};
/* End XCConfigurationList section */
	};
	rootObject = FFBA242B242F170E0095DEDB /* Project object */;
}
